
Microsoft Visual Studio Solution File, Format Version 12.00
# Visual Studio Version 16
VisualStudioVersion = 16.0.32630.194
MinimumVisualStudioVersion = 10.0.40219.1
Project("{FAE04EC0-301F-11D3-BF4B-00C04F79EFBC}") = "GameManagementDemo", "GameManagementDemo\GameManagementDemo.csproj", "{76C26AC9-D71E-4D9D-A260-98349659F859}"
EndProject
Global
	GlobalSection(SolutionConfigurationPlatforms) = preSolution
		Debug|Any CPU = Debug|Any CPU
		Release|Any CPU = Release|Any CPU
	EndGlobalSection
	GlobalSection(ProjectConfigurationPlatforms) = postSolution
		{76C26AC9-D71E-4D9D-A260-98349659F859}.Debug|Any CPU.ActiveCfg = Debug|Any CPU
		{76C26AC9-D71E-4D9D-A260-98349659F859}.Debug|Any CPU.Build.0 = Debug|Any CPU
		{76C26AC9-D71E-4D9D-A260-98349659F859}.Release|Any CPU.ActiveCfg = Release|Any CPU
		{76C26AC9-D71E-4D9D-A260-98349659F859}.Release|Any CPU.Build.0 = Release|Any CPU
	EndGlobalSection
	GlobalSection(SolutionProperties) = preSolution
		HideSolutionNode = FALSE
	EndGlobalSection
	GlobalSection(ExtensibilityGlobals) = postSolution
		SolutionGuid = {CD18710A-0AF5-42B7-AA4E-9743A774D883}
	EndGlobalSection
EndGlobal
